
Microsoft Visual Studio Solution File, Format Version 11.00
# Visual C# Express 2010
Project("{FAE04EC0-301F-11D3-BF4B-00C04F79EFBC}") = "DiaDoAno", "DiaDoAno\DiaDoAno.csproj", "{7A401D13-74BF-4B2E-8A3F-3A23B86C55B3}"
EndProject
Global
	GlobalSection(SolutionConfigurationPlatforms) = preSolution
		Debug|x86 = Debug|x86
		Release|x86 = Release|x86
	EndGlobalSection
	GlobalSection(ProjectConfigurationPlatforms) = postSolution
		{7A401D13-74BF-4B2E-8A3F-3A23B86C55B3}.Debug|x86.ActiveCfg = Debug|x86
		{7A401D13-74BF-4B2E-8A3F-3A23B86C55B3}.Debug|x86.Build.0 = Debug|x86
		{7A401D13-74BF-4B2E-8A3F-3A23B86C55B3}.Release|x86.ActiveCfg = Release|x86
		{7A401D13-74BF-4B2E-8A3F-3A23B86C55B3}.Release|x86.Build.0 = Release|x86
	EndGlobalSection
	GlobalSection(SolutionProperties) = preSolution
		HideSolutionNode = FALSE
	EndGlobalSection
EndGlobal
