
Microsoft Visual Studio Solution File, Format Version 12.00
# Visual Studio Express 14 for Windows Desktop
VisualStudioVersion = 14.0.25123.0
MinimumVisualStudioVersion = 10.0.40219.1
Project("{FAE04EC0-301F-11D3-BF4B-00C04F79EFBC}") = "4- CódigoMorse", "4- CódigoMorse\4- CódigoMorse.csproj", "{C96B0BB4-FE7D-4E41-8775-9080891D50FF}"
EndProject
Global
	GlobalSection(SolutionConfigurationPlatforms) = preSolution
		Debug|Any CPU = Debug|Any CPU
		Release|Any CPU = Release|Any CPU
	EndGlobalSection
	GlobalSection(ProjectConfigurationPlatforms) = postSolution
		{C96B0BB4-FE7D-4E41-8775-9080891D50FF}.Debug|Any CPU.ActiveCfg = Debug|Any CPU
		{C96B0BB4-FE7D-4E41-8775-9080891D50FF}.Debug|Any CPU.Build.0 = Debug|Any CPU
		{C96B0BB4-FE7D-4E41-8775-9080891D50FF}.Release|Any CPU.ActiveCfg = Release|Any CPU
		{C96B0BB4-FE7D-4E41-8775-9080891D50FF}.Release|Any CPU.Build.0 = Release|Any CPU
	EndGlobalSection
	GlobalSection(SolutionProperties) = preSolution
		HideSolutionNode = FALSE
	EndGlobalSection
EndGlobal
